
Microsoft Visual Studio Solution File, Format Version 12.00
# Visual Studio Version 17
VisualStudioVersion = 17.11.35222.181
MinimumVisualStudioVersion = 10.0.40219.1
Project("{FAE04EC0-301F-11D3-BF4B-00C04F79EFBC}") = "Assignment6", "Assignment6\Assignment6.csproj", "{06FF052A-5F06-4749-9A9F-6CA218122BAA}"
EndProject
Global
	GlobalSection(SolutionConfigurationPlatforms) = preSolution
		Debug|Any CPU = Debug|Any CPU
		Release|Any CPU = Release|Any CPU
	EndGlobalSection
	GlobalSection(ProjectConfigurationPlatforms) = postSolution
		{06FF052A-5F06-4749-9A9F-6CA218122BAA}.Debug|Any CPU.ActiveCfg = Debug|Any CPU
		{06FF052A-5F06-4749-9A9F-6CA218122BAA}.Debug|Any CPU.Build.0 = Debug|Any CPU
		{06FF052A-5F06-4749-9A9F-6CA218122BAA}.Release|Any CPU.ActiveCfg = Release|Any CPU
		{06FF052A-5F06-4749-9A9F-6CA218122BAA}.Release|Any CPU.Build.0 = Release|Any CPU
	EndGlobalSection
	GlobalSection(SolutionProperties) = preSolution
		HideSolutionNode = FALSE
	EndGlobalSection
	GlobalSection(ExtensibilityGlobals) = postSolution
		SolutionGuid = {4544CACD-3D93-464D-A312-EC531125C21C}
	EndGlobalSection
EndGlobal
